
Microsoft Visual Studio Solution File, Format Version 12.00
# Visual Studio Version 16
VisualStudioVersion = 16.0.30114.105
MinimumVisualStudioVersion = 10.0.40219.1
Project("{FAE04EC0-301F-11D3-BF4B-00C04F79EFBC}") = "API", "API\API.csproj", "{7D204334-FF2D-4BAA-B1BE-47C4C0AB2747}"
EndProject
Project("{FAE04EC0-301F-11D3-BF4B-00C04F79EFBC}") = "Core", "Core\Core.csproj", "{C7FBA573-FB82-49A4-AA9E-D7704EBAE535}"
EndProject
Project("{FAE04EC0-301F-11D3-BF4B-00C04F79EFBC}") = "Infrastructure", "Infrastructure\Infrastructure.csproj", "{181FC749-F52C-44B4-AFA8-8919707BA36F}"
EndProject
Global
	GlobalSection(SolutionConfigurationPlatforms) = preSolution
		Debug|Any CPU = Debug|Any CPU
		Release|Any CPU = Release|Any CPU
	EndGlobalSection
	GlobalSection(SolutionProperties) = preSolution
		HideSolutionNode = FALSE
	EndGlobalSection
	GlobalSection(ProjectConfigurationPlatforms) = postSolution
		{7D204334-FF2D-4BAA-B1BE-47C4C0AB2747}.Debug|Any CPU.ActiveCfg = Debug|Any CPU
		{7D204334-FF2D-4BAA-B1BE-47C4C0AB2747}.Debug|Any CPU.Build.0 = Debug|Any CPU
		{7D204334-FF2D-4BAA-B1BE-47C4C0AB2747}.Release|Any CPU.ActiveCfg = Release|Any CPU
		{7D204334-FF2D-4BAA-B1BE-47C4C0AB2747}.Release|Any CPU.Build.0 = Release|Any CPU
		{C7FBA573-FB82-49A4-AA9E-D7704EBAE535}.Debug|Any CPU.ActiveCfg = Debug|Any CPU
		{C7FBA573-FB82-49A4-AA9E-D7704EBAE535}.Debug|Any CPU.Build.0 = Debug|Any CPU
		{C7FBA573-FB82-49A4-AA9E-D7704EBAE535}.Release|Any CPU.ActiveCfg = Release|Any CPU
		{C7FBA573-FB82-49A4-AA9E-D7704EBAE535}.Release|Any CPU.Build.0 = Release|Any CPU
		{181FC749-F52C-44B4-AFA8-8919707BA36F}.Debug|Any CPU.ActiveCfg = Debug|Any CPU
		{181FC749-F52C-44B4-AFA8-8919707BA36F}.Debug|Any CPU.Build.0 = Debug|Any CPU
		{181FC749-F52C-44B4-AFA8-8919707BA36F}.Release|Any CPU.ActiveCfg = Release|Any CPU
		{181FC749-F52C-44B4-AFA8-8919707BA36F}.Release|Any CPU.Build.0 = Release|Any CPU
	EndGlobalSection
EndGlobal
